# This file is autogenerated, do not edit; changes may be undone by the next 'dep ensure'.


[[projects]]
  name = "github.com/howeyc/fsnotify"
  packages = ["."]
  revision = "441bbc86b167f3c1f4786afae9931403b99fdacf"
  version = "v0.9.0"

[[projects]]
  branch = "master"
  name = "github.com/swdunlop/tarantula-go"
  packages = ["."]
  revision = "ff06ec7ae220c5e24391d46bd0ec1cd3b4281f74"

[solve-meta]
  analyzer-name = "dep"
  analyzer-version = 1
  inputs-digest = "ed156fa5db674ec4dca3408b144f1bd810353f60144a5f6fe158ba2595c60cd2"
  solver-name = "gps-cdcl"
  solver-version = 1
